// !$*UTF8*$!
{
	archiveVersion = 1;
	classes = {
	};
	objectVersion = 46;
	objects = {

/* Begin PBXBuildFile section */
		79AB73FA1A09EC3C00DEEA68 /* main.m in Sources */ = {isa = PBXBuildFile; fileRef = 79AB73F91A09EC3C00DEEA68 /* main.m */; };
		79AB73FD1A09EC3C00DEEA68 /* AppDelegate.m in Sources */ = {isa = PBXBuildFile; fileRef = 79AB73FC1A09EC3C00DEEA68 /* AppDelegate.m */; };
		79AB74001A09EC3C00DEEA68 /* ViewController.m in Sources */ = {isa = PBXBuildFile; fileRef = 79AB73FF1A09EC3C00DEEA68 /* ViewController.m */; };
		79AB74031A09EC3C00DEEA68 /* Main.storyboard in Resources */ = {isa = PBXBuildFile; fileRef = 79AB74011A09EC3C00DEEA68 /* Main.storyboard */; };
		79AB74051A09EC3C00DEEA68 /* Images.xcassets in Resources */ = {isa = PBXBuildFile; fileRef = 79AB74041A09EC3C00DEEA68 /* Images.xcassets */; };
		79AB74081A09EC3C00DEEA68 /* LaunchScreen.xib in Resources */ = {isa = PBXBuildFile; fileRef = 79AB74061A09EC3C00DEEA68 /* LaunchScreen.xib */; };
/* End PBXBuildFile section */

/* Begin PBXFileReference section */
		79AB73F41A09EC3C00DEEA68 /* FontSizeInspector.app */ = {isa = PBXFileReference; explicitFileType = wrapper.application; includeInIndex = 0; path = FontSizeInspector.app; sourceTree = BUILT_PRODUCTS_DIR; };
		79AB73F81A09EC3C00DEEA68 /* Info.plist */ = {isa = PBXFileReference; lastKnownFileType = text.plist.xml; path = Info.plist; sourceTree = "<group>"; };
		79AB73F91A09EC3C00DEEA68 /* main.m */ = {isa = PBXFileReference; lastKnownFileType = sourcecode.c.objc; path = main.m; sourceTree = "<group>"; };
		79AB73FB1A09EC3C00DEEA68 /* AppDelegate.h */ = {isa = PBXFileReference; lastKnownFileType = sourcecode.c.h; path = AppDelegate.h; sourceTree = "<group>"; };
		79AB73FC1A09EC3C00DEEA68 /* AppDelegate.m */ = {isa = PBXFileReference; lastKnownFileType = sourcecode.c.objc; path = AppDelegate.m; sourceTree = "<group>"; };
		79AB73FE1A09EC3C00DEEA68 /* ViewController.h */ = {isa = PBXFileReference; lastKnownFileType = sourcecode.c.h; path = ViewController.h; sourceTree = "<group>"; };
		79AB73FF1A09EC3C00DEEA68 /* ViewController.m */ = {isa = PBXFileReference; lastKnownFileType = sourcecode.c.objc; path = ViewController.m; sourceTree = "<group>"; };
		79AB74021A09EC3C00DEEA68 /* Base */ = {isa = PBXFileReference; lastKnownFileType = file.storyboard; name = Base; path = Base.lproj/Main.storyboard; sourceTree = "<group>"; };
		79AB74041A09EC3C00DEEA68 /* Images.xcassets */ = {isa = PBXFileReference; lastKnownFileType = folder.assetcatalog; path = Images.xcassets; sourceTree = "<group>"; };
		79AB74071A09EC3C00DEEA68 /* Base */ = {isa = PBXFileReference; lastKnownFileType = file.xib; name = Base; path = Base.lproj/LaunchScreen.xib; sourceTree = "<group>"; };
/* End PBXFileReference section */

/* Begin PBXFrameworksBuildPhase section */
		79AB73F11A09EC3C00DEEA68 /* Frameworks */ = {
			isa = PBXFrameworksBuildPhase;
			buildActionMask = 2147483647;
			files = (
			);
			runOnlyForDeploymentPostprocessing = 0;
		};
/* End PBXFrameworksBuildPhase section */

/* Begin PBXGroup section */
		79AB73EB1A09EC3C00DEEA68 = {
			isa = PBXGroup;
			children = (
				79AB73F61A09EC3C00DEEA68 /* FontSizeInspector */,
				79AB73F51A09EC3C00DEEA68 /* Products */,
			);
			sourceTree = "<group>";
		};
		79AB73F51A09EC3C00DEEA68 /* Products */ = {
			isa = PBXGroup;
			children = (
				79AB73F41A09EC3C00DEEA68 /* FontSizeInspector.app */,
			);
			name = Products;
			sourceTree = "<group>";
		};
		79AB73F61A09EC3C00DEEA68 /* FontSizeInspector */ = {
			isa = PBXGroup;
			children = (
				79AB73FB1A09EC3C00DEEA68 /* AppDelegate.h */,
				79AB73FC1A09EC3C00DEEA68 /* AppDelegate.m */,
				79AB73FE1A09EC3C00DEEA68 /* ViewController.h */,
				79AB73FF1A09EC3C00DEEA68 /* ViewController.m */,
				79AB74011A09EC3C00DEEA68 /* Main.storyboard */,
				79AB74041A09EC3C00DEEA68 /* Images.xcassets */,
				79AB74061A09EC3C00DEEA68 /* LaunchScreen.xib */,
				79AB73F71A09EC3C00DEEA68 /* Supporting Files */,
			);
			path = FontSizeInspector;
			sourceTree = "<group>";
		};
		79AB73F71A09EC3C00DEEA68 /* Supporting Files */ = {
			isa = PBXGroup;
			children = (
				79AB73F81A09EC3C00DEEA68 /* Info.plist */,
				79AB73F91A09EC3C00DEEA68 /* main.m */,
			);
			name = "Supporting Files";
			sourceTree = "<group>";
		};
/* End PBXGroup section */

/* Begin PBXNativeTarget section */
		79AB73F31A09EC3C00DEEA68 /* FontSizeInspector */ = {
			isa = PBXNativeTarget;
			buildConfigurationList = 79AB74171A09EC3C00DEEA68 /* Build configuration list for PBXNativeTarget "FontSizeInspector" */;
			buildPhases = (
				79AB73F01A09EC3C00DEEA68 /* Sources */,
				79AB73F11A09EC3C00DEEA68 /* Frameworks */,
				79AB73F21A09EC3C00DEEA68 /* Resources */,
			);
			buildRules = (
			);
			dependencies = (
			);
			name = FontSizeInspector;
			productName = FontSizeDemo;
			productReference = 79AB73F41A09EC3C00DEEA68 /* FontSizeInspector.app */;
			productType = "com.apple.product-type.application";
		};
/* End PBXNativeTarget section */

/* Begin PBXProject section */
		79AB73EC1A09EC3C00DEEA68 /* Project object */ = {
			isa = PBXProject;
			attributes = {
				LastUpgradeCheck = 0720;
				ORGANIZATIONNAME = "Douguo Inc.";
				TargetAttributes = {
					79AB73F31A09EC3C00DEEA68 = {
						CreatedOnToolsVersion = 6.1;
						DevelopmentTeam = N92CK5ZDH4;
					};
				};
			};
			buildConfigurationList = 79AB73EF1A09EC3C00DEEA68 /* Build configuration list for PBXProject "FontSizeInspector" */;
			compatibilityVersion = "Xcode 3.2";
			developmentRegion = English;
			hasScannedForEncodings = 0;
			knownRegions = (
				en,
				Base,
			);
			mainGroup = 79AB73EB1A09EC3C00DEEA68;
			productRefGroup = 79AB73F51A09EC3C00DEEA68 /* Products */;
			projectDirPath = "";
			projectRoot = "";
			targets = (
				79AB73F31A09EC3C00DEEA68 /* FontSizeInspector */,
			);
		};
/* End PBXProject section */

/* Begin PBXResourcesBuildPhase section */
		79AB73F21A09EC3C00DEEA68 /* Resources */ = {
			isa = PBXResourcesBuildPhase;
			buildActionMask = 2147483647;
			files = (
				79AB74031A09EC3C00DEEA68 /* Main.storyboard in Resources */,
				79AB74081A09EC3C00DEEA68 /* LaunchScreen.xib in Resources */,
				79AB74051A09EC3C00DEEA68 /* Images.xcassets in Resources */,
			);
			runOnlyForDeploymentPostprocessing = 0;
		};
/* End PBXResourcesBuildPhase section */

/* Begin PBXSourcesBuildPhase section */
		79AB73F01A09EC3C00DEEA68 /* Sources */ = {
			isa = PBXSourcesBuildPhase;
			buildActionMask = 2147483647;
			files = (
				79AB74001A09EC3C00DEEA68 /* ViewController.m in Sources */,
				79AB73FD1A09EC3C00DEEA68 /* AppDelegate.m in Sources */,
				79AB73FA1A09EC3C00DEEA68 /* main.m in Sources */,
			);
			runOnlyForDeploymentPostprocessing = 0;
		};
/* End PBXSourcesBuildPhase section */

/* Begin PBXVariantGroup section */
		79AB74011A09EC3C00DEEA68 /* Main.storyboard */ = {
			isa = PBXVariantGroup;
			children = (
				79AB74021A09EC3C00DEEA68 /* Base */,
			);
			name = Main.storyboard;
			sourceTree = "<group>";
		};
		79AB74061A09EC3C00DEEA68 /* LaunchScreen.xib */ = {
			isa = PBXVariantGroup;
			children = (
				79AB74071A09EC3C00DEEA68 /* Base */,
			);
			name = LaunchScreen.xib;
			sourceTree = "<group>";
		};
/* End PBXVariantGroup section */

/* Begin XCBuildConfiguration section */
		79AB74151A09EC3C00DEEA68 /* Debug */ = {
			isa = XCBuildConfiguration;
			buildSettings = {
				ALWAYS_SEARCH_USER_PATHS = NO;
				CLANG_CXX_LANGUAGE_STANDARD = "gnu++0x";
				CLANG_CXX_LIBRARY = "libc++";
				CLANG_ENABLE_MODULES = YES;
				CLANG_ENABLE_OBJC_ARC = YES;
				CLANG_WARN_BOOL_CONVERSION = YES;
				CLANG_WARN_CONSTANT_CONVERSION = YES;
				CLANG_WARN_DIRECT_OBJC_ISA_USAGE = YES_ERROR;
				CLANG_WARN_EMPTY_BODY = YES;
				CLANG_WARN_ENUM_CONVERSION = YES;
				CLANG_WARN_INT_CONVERSION = YES;
				CLANG_WARN_OBJC_ROOT_CLASS = YES_ERROR;
				CLANG_WARN_UNREACHABLE_CODE = YES;
				CLANG_WARN__DUPLICATE_METHOD_MATCH = YES;
				"CODE_SIGN_IDENTITY[sdk=iphoneos*]" = "iPhone Developer";
				COPY_PHASE_STRIP = NO;
				ENABLE_STRICT_OBJC_MSGSEND = YES;
				ENABLE_TESTABILITY = YES;
				GCC_C_LANGUAGE_STANDARD = gnu99;
				GCC_DYNAMIC_NO_PIC = NO;
				GCC_OPTIMIZATION_LEVEL = 0;
				GCC_PREPROCESSOR_DEFINITIONS = (
					"DEBUG=1",
					"$(inherited)",
				);
				GCC_SYMBOLS_PRIVATE_EXTERN = NO;
				GCC_WARN_64_TO_32_BIT_CONVERSION = YES;
				GCC_WARN_ABOUT_RETURN_TYPE = YES_ERROR;
				GCC_WARN_UNDECLARED_SELECTOR = YES;
				GCC_WARN_UNINITIALIZED_AUTOS = YES_AGGRESSIVE;
				GCC_WARN_UNUSED_FUNCTION = YES;
				GCC_WARN_UNUSED_VARIABLE = YES;
				IPHONEOS_DEPLOYMENT_TARGET = 8.0;
				MTL_ENABLE_DEBUG_INFO = YES;
				ONLY_ACTIVE_ARCH = YES;
				SDKROOT = iphoneos;
				TARGETED_DEVICE_FAMILY = "1,2";
			};
			name = Debug;
		};
		79AB74161A09EC3C00DEEA68 /* Release */ = {
			isa = XCBuildConfiguration;
			buildSettings = {
				ALWAYS_SEARCH_USER_PATHS = NO;
				CLANG_CXX_LANGUAGE_STANDARD = "gnu++0x";
				CLANG_CXX_LIBRARY = "libc++";
				CLANG_ENABLE_MODULES = YES;
				CLANG_ENABLE_OBJC_ARC = YES;
				CLANG_WARN_BOOL_CONVERSION = YES;
				CLANG_WARN_CONSTANT_CONVERSION = YES;
				CLANG_WARN_DIRECT_OBJC_ISA_USAGE = YES_ERROR;
				CLANG_WARN_EMPTY_BODY = YES;
				CLANG_WARN_ENUM_CONVERSION = YES;
				CLANG_WARN_INT_CONVERSION = YES;
				CLANG_WARN_OBJC_ROOT_CLASS = YES_ERROR;
				CLANG_WARN_UNREACHABLE_CODE = YES;
				CLANG_WARN__DUPLICATE_METHOD_MATCH = YES;
				"CODE_SIGN_IDENTITY[sdk=iphoneos*]" = "iPhone Developer";
				COPY_PHASE_STRIP = YES;
				ENABLE_NS_ASSERTIONS = NO;
				ENABLE_STRICT_OBJC_MSGSEND = YES;
				GCC_C_LANGUAGE_STANDARD = gnu99;
				GCC_WARN_64_TO_32_BIT_CONVERSION = YES;
				GCC_WARN_ABOUT_RETURN_TYPE = YES_ERROR;
				GCC_WARN_UNDECLARED_SELECTOR = YES;
				GCC_WARN_UNINITIALIZED_AUTOS = YES_AGGRESSIVE;
				GCC_WARN_UNUSED_FUNCTION = YES;
				GCC_WARN_UNUSED_VARIABLE = YES;
				IPHONEOS_DEPLOYMENT_TARGET = 8.0;
				MTL_ENABLE_DEBUG_INFO = NO;
				SDKROOT = iphoneos;
				TARGETED_DEVICE_FAMILY = "1,2";
				VALIDATE_PRODUCT = YES;
			};
			name = Release;
		};
		79AB74181A09EC3C00DEEA68 /* Debug */ = {
			isa = XCBuildConfiguration;
			buildSettings = {
				ASSETCATALOG_COMPILER_APPICON_NAME = AppIcon;
				CODE_SIGN_IDENTITY = "iPhone Developer";
				INFOPLIST_FILE = FontSizeInspector/Info.plist;
				IPHONEOS_DEPLOYMENT_TARGET = 8.0;
				LD_RUNPATH_SEARCH_PATHS = "$(inherited) @executable_path/Frameworks";
				PRODUCT_BUNDLE_IDENTIFIER = com.chex.FontSizeInspector;
				PRODUCT_NAME = FontSizeInspector;
				PROVISIONING_PROFILE = "";
			};
			name = Debug;
		};
		79AB74191A09EC3C00DEEA68 /* Release */ = {
			isa = XCBuildConfiguration;
			buildSettings = {
				ASSETCATALOG_COMPILER_APPICON_NAME = AppIcon;
				CODE_SIGN_IDENTITY = "iPhone Developer";
				INFOPLIST_FILE = FontSizeInspector/Info.plist;
				IPHONEOS_DEPLOYMENT_TARGET = 8.0;
				LD_RUNPATH_SEARCH_PATHS = "$(inherited) @executable_path/Frameworks";
				PRODUCT_BUNDLE_IDENTIFIER = com.chex.FontSizeInspector;
				PRODUCT_NAME = FontSizeInspector;
				PROVISIONING_PROFILE = "";
			};
			name = Release;
		};
/* End XCBuildConfiguration section */

/* Begin XCConfigurationList section */
		79AB73EF1A09EC3C00DEEA68 /* Build configuration list for PBXProject "FontSizeInspector" */ = {
			isa = XCConfigurationList;
			buildConfigurations = (
				79AB74151A09EC3C00DEEA68 /* Debug */,
				79AB74161A09EC3C00DEEA68 /* Release */,
			);
			defaultConfigurationIsVisible = 0;
			defaultConfigurationName = Release;
		};
		79AB74171A09EC3C00DEEA68 /* Build configuration list for PBXNativeTarget "FontSizeInspector" */ = {
			isa = XCConfigurationList;
			buildConfigurations = (
				79AB74181A09EC3C00DEEA68 /* Debug */,
				79AB74191A09EC3C00DEEA68 /* Release */,
			);
			defaultConfigurationIsVisible = 0;
			defaultConfigurationName = Release;
		};
/* End XCConfigurationList section */
	};
	rootObject = 79AB73EC1A09EC3C00DEEA68 /* Project object */;
}
